
Microsoft Visual Studio Solution File, Format Version 12.00
# Visual Studio Version 16
VisualStudioVersion = 16.0.30128.74
MinimumVisualStudioVersion = 10.0.40219.1
Project("{FAE04EC0-301F-11D3-BF4B-00C04F79EFBC}") = "SkillTestAPI", "SkillTestAPI\SkillTestAPI.csproj", "{E6C9CCEB-2CC5-441E-8CF4-C1BB32F77611}"
EndProject
Global
	GlobalSection(SolutionConfigurationPlatforms) = preSolution
		Debug|Any CPU = Debug|Any CPU
		Release|Any CPU = Release|Any CPU
	EndGlobalSection
	GlobalSection(ProjectConfigurationPlatforms) = postSolution
		{E6C9CCEB-2CC5-441E-8CF4-C1BB32F77611}.Debug|Any CPU.ActiveCfg = Debug|Any CPU
		{E6C9CCEB-2CC5-441E-8CF4-C1BB32F77611}.Debug|Any CPU.Build.0 = Debug|Any CPU
		{E6C9CCEB-2CC5-441E-8CF4-C1BB32F77611}.Release|Any CPU.ActiveCfg = Release|Any CPU
		{E6C9CCEB-2CC5-441E-8CF4-C1BB32F77611}.Release|Any CPU.Build.0 = Release|Any CPU
	EndGlobalSection
	GlobalSection(SolutionProperties) = preSolution
		HideSolutionNode = FALSE
	EndGlobalSection
	GlobalSection(ExtensibilityGlobals) = postSolution
		SolutionGuid = {8E41880B-429A-45CE-BB33-2DEDBB03F73C}
	EndGlobalSection
EndGlobal
